{
  "nodes": {
    "dankMaterialShell": {
      "inputs": {
        "nixpkgs": [
          "dev-nixpkgs"
        ],
        "quickshell": "quickshell"
      },
      "locked": {
        "lastModified": 1769830502,
        "narHash": "sha256-Z/6ttgM5CCsgIhdPb7ZO20uQ6vgFeFs6lr2AlD+RWLM=",
        "owner": "AvengeMedia",
        "repo": "DankMaterialShell",
        "rev": "4602442feb7b9de19b92a762b440b895edb8a39a",
        "type": "github"
      },
      "original": {
        "owner": "AvengeMedia",
        "repo": "DankMaterialShell",
        "type": "github"
      }
    },
    "dev-flake-parts": {
      "inputs": {
        "nixpkgs-lib": [
          "dev-nixpkgs"
        ]
      },
      "locked": {
        "lastModified": 1767609335,
        "narHash": "sha256-feveD98mQpptwrAEggBQKJTYbvwwglSbOv53uCfH9PY=",
        "owner": "hercules-ci",
        "repo": "flake-parts",
        "rev": "250481aafeb741edfe23d29195671c19b36b6dca",
        "type": "github"
      },
      "original": {
        "owner": "hercules-ci",
        "repo": "flake-parts",
        "type": "github"
      }
    },
    "dev-nixpkgs": {
      "locked": {
        "lastModified": 1767767207,
        "narHash": "sha256-Mj3d3PfwltLmukFal5i3fFt27L6NiKXdBezC1EBuZs4=",
        "owner": "NixOS",
        "repo": "nixpkgs",
        "rev": "5912c1772a44e31bf1c63c0390b90501e5026886",
        "type": "github"
      },
      "original": {
        "owner": "NixOS",
        "ref": "nixos-unstable",
        "repo": "nixpkgs",
        "type": "github"
      }
    },
    "dev-systems": {
      "locked": {
        "lastModified": 1681028828,
        "narHash": "sha256-Vy1rq5AaRuLzOxct8nz4T6wlgyUR7zLU309k9mBC768=",
        "owner": "nix-systems",
        "repo": "default",
        "rev": "da67096a3b9bf56a91d16901293e51ba5b49a27e",
        "type": "github"
      },
      "original": {
        "owner": "nix-systems",
        "repo": "default",
        "type": "github"
      }
    },
    "flake-compat": {
      "locked": {
        "lastModified": 1767039857,
        "narHash": "sha256-vNpUSpF5Nuw8xvDLj2KCwwksIbjua2LZCqhV1LNRDns=",
        "owner": "NixOS",
        "repo": "flake-compat",
        "rev": "5edf11c44bc78a0d334f6334cdaf7d60d732daab",
        "type": "github"
      },
      "original": {
        "owner": "NixOS",
        "repo": "flake-compat",
        "type": "github"
      }
    },
    "git-hooks": {
      "inputs": {
        "flake-compat": [
          "flake-compat"
        ],
        "gitignore": [],
        "nixpkgs": [
          "dev-nixpkgs"
        ]
      },
      "locked": {
        "lastModified": 1767281941,
        "narHash": "sha256-6MkqajPICgugsuZ92OMoQcgSHnD6sJHwk8AxvMcIgTE=",
        "owner": "cachix",
        "repo": "git-hooks.nix",
        "rev": "f0927703b7b1c8d97511c4116eb9b4ec6645a0fa",
        "type": "github"
      },
      "original": {
        "owner": "cachix",
        "repo": "git-hooks.nix",
        "type": "github"
      }
    },
    "home-manager": {
      "inputs": {
        "nixpkgs": [
          "dev-nixpkgs"
        ]
      },
      "locked": {
        "lastModified": 1767811801,
        "narHash": "sha256-QICeGwbXfqtaOZmgh6BrSBB72drPuHO3pjuyh+x8eIY=",
        "owner": "nix-community",
        "repo": "home-manager",
        "rev": "c068188a8e5c277f7bc8671557a7568864b57515",
        "type": "github"
      },
      "original": {
        "owner": "nix-community",
        "repo": "home-manager",
        "type": "github"
      }
    },
    "mnw": {
      "locked": {
        "lastModified": 1758834834,
        "narHash": "sha256-Y7IvY4F8vajZyp3WGf+KaiIVwondEkMFkt92Cr9NZmg=",
        "owner": "Gerg-L",
        "repo": "mnw",
        "rev": "cfbc7d1cc832e318d0863a5fc91d940a96034001",
        "type": "github"
      },
      "original": {
        "owner": "Gerg-L",
        "repo": "mnw",
        "type": "github"
      }
    },
    "ndg": {
      "inputs": {
        "nixpkgs": [
          "nvf",
          "nixpkgs"
        ]
      },
      "locked": {
        "lastModified": 1765720983,
        "narHash": "sha256-tWtukpABmux6EC/FuCJEgA1kmRjcRPtED44N+GGPq+4=",
        "owner": "feel-co",
        "repo": "ndg",
        "rev": "f399ace8bb8e1f705dd8942b24d207aa4d75c936",
        "type": "github"
      },
      "original": {
        "owner": "feel-co",
        "repo": "ndg",
        "type": "github"
      }
    },
    "nixvim": {
      "inputs": {
        "flake-parts": [
          "dev-flake-parts"
        ],
        "nixpkgs": [
          "dev-nixpkgs"
        ],
        "systems": [
          "dev-systems"
        ]
      },
      "locked": {
        "lastModified": 1767608728,
        "narHash": "sha256-kmSJCTgrx+BxgqQOTPHAOkohvO+lbRsPWqu+PSPcz3I=",
        "owner": "nix-community",
        "repo": "nixvim",
        "rev": "851399eebd0fb383d2fd76269d859f16021dc7a8",
        "type": "github"
      },
      "original": {
        "owner": "nix-community",
        "repo": "nixvim",
        "type": "github"
      }
    },
    "noctalia-shell": {
      "inputs": {
        "nixpkgs": [
          "dev-nixpkgs"
        ]
      },
      "locked": {
        "lastModified": 1767809981,
        "narHash": "sha256-xy15Vl9ySeK8xBqGGebkEaWmHoI4/fLWi8n8gLl3JGs=",
        "owner": "noctalia-dev",
        "repo": "noctalia-shell",
        "rev": "3b8e8a0c35f7a85068a08e65773c6d3c112a8ac8",
        "type": "github"
      },
      "original": {
        "owner": "noctalia-dev",
        "repo": "noctalia-shell",
        "type": "github"
      }
    },
    "nvf": {
      "inputs": {
        "flake-compat": [],
        "flake-parts": [
          "dev-flake-parts"
        ],
        "mnw": "mnw",
        "ndg": "ndg",
        "nixpkgs": [
          "dev-nixpkgs"
        ],
        "systems": [
          "dev-systems"
        ]
      },
      "locked": {
        "lastModified": 1767766515,
        "narHash": "sha256-Hr87qJDIi4rL/d0njZYPyKDjtom6lDF3AV2UZL+K/fk=",
        "owner": "NotAShelf",
        "repo": "nvf",
        "rev": "ceaae0eb2ece9e06159d6de80b0709e38d77f6a4",
        "type": "github"
      },
      "original": {
        "owner": "NotAShelf",
        "repo": "nvf",
        "type": "github"
      }
    },
    "quickshell": {
      "inputs": {
        "nixpkgs": [
          "dankMaterialShell",
          "nixpkgs"
        ]
      },
      "locked": {
        "lastModified": 1766725085,
        "narHash": "sha256-O2aMFdDUYJazFrlwL7aSIHbUSEm3ADVZjmf41uBJfHs=",
        "ref": "refs/heads/master",
        "rev": "41828c4180fb921df7992a5405f5ff05d2ac2fff",
        "revCount": 715,
        "type": "git",
        "url": "https://git.outfoxxed.me/quickshell/quickshell"
      },
      "original": {
        "rev": "41828c4180fb921df7992a5405f5ff05d2ac2fff",
        "type": "git",
        "url": "https://git.outfoxxed.me/quickshell/quickshell"
      }
    },
    "root": {
      "inputs": {
        "dankMaterialShell": "dankMaterialShell",
        "dev-flake-parts": "dev-flake-parts",
        "dev-nixpkgs": "dev-nixpkgs",
        "dev-systems": "dev-systems",
        "flake-compat": "flake-compat",
        "git-hooks": "git-hooks",
        "home-manager": "home-manager",
        "nixvim": "nixvim",
        "noctalia-shell": "noctalia-shell",
        "nvf": "nvf",
        "spicetify-nix": "spicetify-nix",
        "treefmt-nix": "treefmt-nix",
        "vicinae": "vicinae",
        "zen-browser": "zen-browser"
      }
    },
    "spicetify-nix": {
      "inputs": {
        "nixpkgs": [
          "dev-nixpkgs"
        ],
        "systems": [
          "dev-systems"
        ]
      },
      "locked": {
        "lastModified": 1767502559,
        "narHash": "sha256-om0IPjW850vhhIrNZ5tiXjsYuqyoI44IdE+I9AwZ96I=",
        "owner": "Gerg-L",
        "repo": "spicetify-nix",
        "rev": "806c1fdeb7af3e013215d14f5d9f06685fa6650f",
        "type": "github"
      },
      "original": {
        "owner": "Gerg-L",
        "repo": "spicetify-nix",
        "type": "github"
      }
    },
    "treefmt-nix": {
      "inputs": {
        "nixpkgs": [
          "dev-nixpkgs"
        ]
      },
      "locked": {
        "lastModified": 1767801790,
        "narHash": "sha256-QfX6g3Wj2vQe7oBJEbTf0npvC6sJoDbF9hb2+gM5tf8=",
        "owner": "numtide",
        "repo": "treefmt-nix",
        "rev": "778a1d691f1ef45dd68c661715c5bf8cbf131c80",
        "type": "github"
      },
      "original": {
        "owner": "numtide",
        "repo": "treefmt-nix",
        "type": "github"
      }
    },
    "vicinae": {
      "inputs": {
        "nixpkgs": [
          "dev-nixpkgs"
        ],
        "systems": [
          "dev-systems"
        ]
      },
      "locked": {
        "lastModified": 1767808992,
        "narHash": "sha256-7KwmuTxZLkEq4/whWiameaQF8xAITm9tDI1T0q0DbOI=",
        "owner": "vicinaehq",
        "repo": "vicinae",
        "rev": "bd370af3a11037c909de30d0b177115e277020d6",
        "type": "github"
      },
      "original": {
        "owner": "vicinaehq",
        "repo": "vicinae",
        "type": "github"
      }
    },
    "zen-browser": {
      "inputs": {
        "home-manager": [
          "home-manager"
        ],
        "nixpkgs": [
          "dev-nixpkgs"
        ]
      },
      "locked": {
        "lastModified": 1767763594,
        "narHash": "sha256-5ysv8EuVAgDoYmNuXEUNf7vBzdeRaFxeIlIndv5HMvs=",
        "owner": "0xc000022070",
        "repo": "zen-browser-flake",
        "rev": "8b2302d8c10369c9135552cc892da75cff5ddb03",
        "type": "github"
      },
      "original": {
        "owner": "0xc000022070",
        "repo": "zen-browser-flake",
        "type": "github"
      }
    }
  },
  "root": "root",
  "version": 7
}
