{
  "nodes": {
    "dankMaterialShell": {
      "inputs": {
        "nixpkgs": [
          "dev-nixpkgs"
        ],
        "quickshell": "quickshell"
      },
      "locked": {
        "lastModified": 1775232240,
        "narHash": "sha256-xyLsPIUphY4SAlX2GkuM3ELMx23Z9j9xM0mHbFMLdic=",
        "owner": "AvengeMedia",
        "repo": "DankMaterialShell",
        "rev": "1021a210cf94d6c65fe636efbaa725bac27ea19a",
        "type": "github"
      },
      "original": {
        "owner": "AvengeMedia",
        "repo": "DankMaterialShell",
        "type": "github"
      }
    },
    "dev-flake-parts": {
      "inputs": {
        "nixpkgs-lib": [
          "dev-nixpkgs"
        ]
      },
      "locked": {
        "lastModified": 1775087534,
        "narHash": "sha256-91qqW8lhL7TLwgQWijoGBbiD4t7/q75KTi8NxjVmSmA=",
        "owner": "hercules-ci",
        "repo": "flake-parts",
        "rev": "3107b77cd68437b9a76194f0f7f9c55f2329ca5b",
        "type": "github"
      },
      "original": {
        "owner": "hercules-ci",
        "repo": "flake-parts",
        "type": "github"
      }
    },
    "dev-nixpkgs": {
      "locked": {
        "lastModified": 1775036866,
        "narHash": "sha256-ZojAnPuCdy657PbTq5V0Y+AHKhZAIwSIT2cb8UgAz/U=",
        "owner": "NixOS",
        "repo": "nixpkgs",
        "rev": "6201e203d09599479a3b3450ed24fa81537ebc4e",
        "type": "github"
      },
      "original": {
        "owner": "NixOS",
        "ref": "nixos-unstable",
        "repo": "nixpkgs",
        "type": "github"
      }
    },
    "dev-systems": {
      "locked": {
        "lastModified": 1681028828,
        "narHash": "sha256-Vy1rq5AaRuLzOxct8nz4T6wlgyUR7zLU309k9mBC768=",
        "owner": "nix-systems",
        "repo": "default",
        "rev": "da67096a3b9bf56a91d16901293e51ba5b49a27e",
        "type": "github"
      },
      "original": {
        "owner": "nix-systems",
        "repo": "default",
        "type": "github"
      }
    },
    "flake-compat": {
      "locked": {
        "lastModified": 1767039857,
        "narHash": "sha256-vNpUSpF5Nuw8xvDLj2KCwwksIbjua2LZCqhV1LNRDns=",
        "owner": "NixOS",
        "repo": "flake-compat",
        "rev": "5edf11c44bc78a0d334f6334cdaf7d60d732daab",
        "type": "github"
      },
      "original": {
        "owner": "NixOS",
        "repo": "flake-compat",
        "type": "github"
      }
    },
    "git-hooks": {
      "inputs": {
        "flake-compat": [
          "flake-compat"
        ],
        "gitignore": [],
        "nixpkgs": [
          "dev-nixpkgs"
        ]
      },
      "locked": {
        "lastModified": 1775036584,
        "narHash": "sha256-zW0lyy7ZNNT/x8JhzFHBsP2IPx7ATZIPai4FJj12BgU=",
        "owner": "cachix",
        "repo": "git-hooks.nix",
        "rev": "4e0eb042b67d863b1b34b3f64d52ceb9cd926735",
        "type": "github"
      },
      "original": {
        "owner": "cachix",
        "repo": "git-hooks.nix",
        "type": "github"
      }
    },
    "home-manager": {
      "inputs": {
        "nixpkgs": [
          "dev-nixpkgs"
        ]
      },
      "locked": {
        "lastModified": 1775781825,
        "narHash": "sha256-L5yKTpR+alrZU2XYYvIxCeCP4LBHU5jhwSj7H1VAavg=",
        "owner": "nix-community",
        "repo": "home-manager",
        "rev": "e35c39fca04fee829cecdf839a50eb9b54d8a701",
        "type": "github"
      },
      "original": {
        "owner": "nix-community",
        "repo": "home-manager",
        "type": "github"
      }
    },
    "mnw": {
      "locked": {
        "lastModified": 1770419553,
        "narHash": "sha256-b1XqsH7AtVf2dXmq2iyRr2NC1yG7skY7Z6N2MpWHlK4=",
        "owner": "Gerg-L",
        "repo": "mnw",
        "rev": "2aaffa8030d0b262176146adbb6b0e6374ce2957",
        "type": "github"
      },
      "original": {
        "owner": "Gerg-L",
        "repo": "mnw",
        "type": "github"
      }
    },
    "ndg": {
      "inputs": {
        "nixpkgs": [
          "nvf",
          "nixpkgs"
        ]
      },
      "locked": {
        "lastModified": 1768214250,
        "narHash": "sha256-hnBZDQWUxJV3KbtvyGW5BKLO/fAwydrxm5WHCWMQTbw=",
        "owner": "feel-co",
        "repo": "ndg",
        "rev": "a6bd3c1ce2668d096e4fdaaa03ad7f03ba1fbca8",
        "type": "github"
      },
      "original": {
        "owner": "feel-co",
        "ref": "refs/tags/v2.6.0",
        "repo": "ndg",
        "type": "github"
      }
    },
    "nixvim": {
      "inputs": {
        "flake-parts": [
          "dev-flake-parts"
        ],
        "nixpkgs": [
          "dev-nixpkgs"
        ],
        "systems": [
          "dev-systems"
        ]
      },
      "locked": {
        "lastModified": 1774802402,
        "narHash": "sha256-L1UJ/zxKTyyaGGmytH6OYlgQ0HGSMhvPkvU+iz4Mkb8=",
        "owner": "nix-community",
        "repo": "nixvim",
        "rev": "cbd8536a05d1aae2593cb5c9ace1010c8c5845cb",
        "type": "github"
      },
      "original": {
        "owner": "nix-community",
        "repo": "nixvim",
        "type": "github"
      }
    },
    "noctalia-qs": {
      "inputs": {
        "nixpkgs": [
          "noctalia-shell",
          "nixpkgs"
        ],
        "systems": [
          "dev-systems"
        ],
        "treefmt-nix": [
          "treefmt-nix"
        ]
      },
      "locked": {
        "lastModified": 1775135550,
        "narHash": "sha256-79JP2QTdvp1jg7HGxAW+xzhzhLnlKUi8yGXq9nDCeH0=",
        "owner": "noctalia-dev",
        "repo": "noctalia-qs",
        "rev": "e7224b756dcd10eec040df818a4c7a0fda5d6eff",
        "type": "github"
      },
      "original": {
        "owner": "noctalia-dev",
        "repo": "noctalia-qs",
        "type": "github"
      }
    },
    "noctalia-shell": {
      "inputs": {
        "nixpkgs": [
          "dev-nixpkgs"
        ],
        "noctalia-qs": "noctalia-qs"
      },
      "locked": {
        "lastModified": 1775210433,
        "narHash": "sha256-tkue0Ed0CufUXjEBb51ojtyWY1ibK9h3ed+mVDHFGZA=",
        "owner": "noctalia-dev",
        "repo": "noctalia-shell",
        "rev": "759454d2d5bce9be7dea982818700140335ed047",
        "type": "github"
      },
      "original": {
        "owner": "noctalia-dev",
        "repo": "noctalia-shell",
        "type": "github"
      }
    },
    "nvf": {
      "inputs": {
        "flake-compat": [],
        "flake-parts": [
          "dev-flake-parts"
        ],
        "mnw": "mnw",
        "ndg": "ndg",
        "nixpkgs": [
          "dev-nixpkgs"
        ],
        "systems": [
          "dev-systems"
        ]
      },
      "locked": {
        "lastModified": 1775122065,
        "narHash": "sha256-ZlowJNkQOhpsXDuWbHgB1xY6W8kyzYn9coK9nJsqqNg=",
        "owner": "NotAShelf",
        "repo": "nvf",
        "rev": "d3304af3d5771e8d5bac6ee9bbdbce56086d54f7",
        "type": "github"
      },
      "original": {
        "owner": "NotAShelf",
        "repo": "nvf",
        "type": "github"
      }
    },
    "quickshell": {
      "inputs": {
        "nixpkgs": [
          "dankMaterialShell",
          "nixpkgs"
        ]
      },
      "locked": {
        "lastModified": 1766725085,
        "narHash": "sha256-O2aMFdDUYJazFrlwL7aSIHbUSEm3ADVZjmf41uBJfHs=",
        "ref": "refs/heads/master",
        "rev": "41828c4180fb921df7992a5405f5ff05d2ac2fff",
        "revCount": 715,
        "type": "git",
        "url": "https://git.outfoxxed.me/quickshell/quickshell"
      },
      "original": {
        "rev": "41828c4180fb921df7992a5405f5ff05d2ac2fff",
        "type": "git",
        "url": "https://git.outfoxxed.me/quickshell/quickshell"
      }
    },
    "root": {
      "inputs": {
        "dankMaterialShell": "dankMaterialShell",
        "dev-flake-parts": "dev-flake-parts",
        "dev-nixpkgs": "dev-nixpkgs",
        "dev-systems": "dev-systems",
        "flake-compat": "flake-compat",
        "git-hooks": "git-hooks",
        "home-manager": "home-manager",
        "nixvim": "nixvim",
        "noctalia-shell": "noctalia-shell",
        "nvf": "nvf",
        "spicetify-nix": "spicetify-nix",
        "treefmt-nix": "treefmt-nix",
        "vicinae": "vicinae",
        "zen-browser": "zen-browser"
      }
    },
    "spicetify-nix": {
      "inputs": {
        "nixpkgs": [
          "dev-nixpkgs"
        ],
        "systems": [
          "dev-systems"
        ]
      },
      "locked": {
        "lastModified": 1774790928,
        "narHash": "sha256-/JO77td8AOH45kg9IJl2DXDwbhn+cyQxYbCMu4Ae1CA=",
        "owner": "Gerg-L",
        "repo": "spicetify-nix",
        "rev": "2bfdf55faf76fed12950b17d4af501e5a463607f",
        "type": "github"
      },
      "original": {
        "owner": "Gerg-L",
        "repo": "spicetify-nix",
        "type": "github"
      }
    },
    "treefmt-nix": {
      "inputs": {
        "nixpkgs": [
          "dev-nixpkgs"
        ]
      },
      "locked": {
        "lastModified": 1775125835,
        "narHash": "sha256-2qYcPgzFhnQWchHo0SlqLHrXpux5i6ay6UHA+v2iH4U=",
        "owner": "numtide",
        "repo": "treefmt-nix",
        "rev": "75925962939880974e3ab417879daffcba36c4a3",
        "type": "github"
      },
      "original": {
        "owner": "numtide",
        "repo": "treefmt-nix",
        "type": "github"
      }
    },
    "vicinae": {
      "inputs": {
        "nixpkgs": [
          "dev-nixpkgs"
        ],
        "systems": [
          "dev-systems"
        ]
      },
      "locked": {
        "lastModified": 1774900456,
        "narHash": "sha256-Rv2E2YKKCe37HZVreQ13qrzEKmovcPPCF5uKkg8fv8E=",
        "owner": "vicinaehq",
        "repo": "vicinae",
        "rev": "9c7d53c095a26e853e74f11575d4901e58883a28",
        "type": "github"
      },
      "original": {
        "owner": "vicinaehq",
        "repo": "vicinae",
        "type": "github"
      }
    },
    "zen-browser": {
      "inputs": {
        "home-manager": [
          "home-manager"
        ],
        "nixpkgs": [
          "dev-nixpkgs"
        ]
      },
      "locked": {
        "lastModified": 1775162238,
        "narHash": "sha256-0qt2cfUqfTbesQlvO3NeJLCqa7NoVxUK9vxs79prNHk=",
        "owner": "0xc000022070",
        "repo": "zen-browser-flake",
        "rev": "9bf98d57ca82698483ec2d9211ce01669ba37820",
        "type": "github"
      },
      "original": {
        "owner": "0xc000022070",
        "repo": "zen-browser-flake",
        "type": "github"
      }
    }
  },
  "root": "root",
  "version": 7
}
