{
  "nodes": {
    "dev-flake-parts": {
      "inputs": {
        "nixpkgs-lib": [
          "dev-nixpkgs"
        ]
      },
      "locked": {
        "lastModified": 1763759067,
        "narHash": "sha256-LlLt2Jo/gMNYAwOgdRQBrsRoOz7BPRkzvNaI/fzXi2Q=",
        "owner": "hercules-ci",
        "repo": "flake-parts",
        "rev": "2cccadc7357c0ba201788ae99c4dfa90728ef5e0",
        "type": "github"
      },
      "original": {
        "owner": "hercules-ci",
        "repo": "flake-parts",
        "type": "github"
      }
    },
    "dev-nixpkgs": {
      "locked": {
        "lastModified": 1764517877,
        "narHash": "sha256-pp3uT4hHijIC8JUK5MEqeAWmParJrgBVzHLNfJDZxg4=",
        "owner": "NixOS",
        "repo": "nixpkgs",
        "rev": "2d293cbfa5a793b4c50d17c05ef9e385b90edf6c",
        "type": "github"
      },
      "original": {
        "owner": "NixOS",
        "ref": "nixos-unstable",
        "repo": "nixpkgs",
        "type": "github"
      }
    },
    "dev-systems": {
      "locked": {
        "lastModified": 1681028828,
        "narHash": "sha256-Vy1rq5AaRuLzOxct8nz4T6wlgyUR7zLU309k9mBC768=",
        "owner": "nix-systems",
        "repo": "default",
        "rev": "da67096a3b9bf56a91d16901293e51ba5b49a27e",
        "type": "github"
      },
      "original": {
        "owner": "nix-systems",
        "repo": "default",
        "type": "github"
      }
    },
    "flake-compat": {
      "locked": {
        "lastModified": 1764712249,
        "narHash": "sha256-DhsrZsMebdvpjZC2EzPsqiLGI84tD7kZz7zc6tTCmqg=",
        "owner": "NixOS",
        "repo": "flake-compat",
        "rev": "3b279e4317ccfa4865356387935310531357d919",
        "type": "github"
      },
      "original": {
        "owner": "NixOS",
        "repo": "flake-compat",
        "type": "github"
      }
    },
    "git-hooks": {
      "inputs": {
        "flake-compat": [
          "flake-compat"
        ],
        "gitignore": [],
        "nixpkgs": [
          "dev-nixpkgs"
        ]
      },
      "locked": {
        "lastModified": 1763988335,
        "narHash": "sha256-QlcnByMc8KBjpU37rbq5iP7Cp97HvjRP0ucfdh+M4Qc=",
        "owner": "cachix",
        "repo": "git-hooks.nix",
        "rev": "50b9238891e388c9fdc6a5c49e49c42533a1b5ce",
        "type": "github"
      },
      "original": {
        "owner": "cachix",
        "repo": "git-hooks.nix",
        "type": "github"
      }
    },
    "home-manager": {
      "inputs": {
        "nixpkgs": [
          "dev-nixpkgs"
        ]
      },
      "locked": {
        "lastModified": 1764765981,
        "narHash": "sha256-QbjsTmAsxSVPw/w3pN1ftlOYHpOZZkXVSgoWnj43j0A=",
        "owner": "nix-community",
        "repo": "home-manager",
        "rev": "43173abcb4a48adb1d56be30ed17d9afaf4310ae",
        "type": "github"
      },
      "original": {
        "owner": "nix-community",
        "repo": "home-manager",
        "type": "github"
      }
    },
    "mnw": {
      "locked": {
        "lastModified": 1758834834,
        "narHash": "sha256-Y7IvY4F8vajZyp3WGf+KaiIVwondEkMFkt92Cr9NZmg=",
        "owner": "Gerg-L",
        "repo": "mnw",
        "rev": "cfbc7d1cc832e318d0863a5fc91d940a96034001",
        "type": "github"
      },
      "original": {
        "owner": "Gerg-L",
        "repo": "mnw",
        "type": "github"
      }
    },
    "nixvim": {
      "inputs": {
        "flake-parts": [
          "dev-flake-parts"
        ],
        "nixpkgs": [
          "dev-nixpkgs"
        ],
        "nuschtosSearch": [],
        "systems": [
          "dev-systems"
        ]
      },
      "locked": {
        "lastModified": 1764764672,
        "narHash": "sha256-BZN3w7AYQlXLKBK/FXu8K/tVTXxVsk/pAwEl6aAyxhE=",
        "owner": "nix-community",
        "repo": "nixvim",
        "rev": "8c9ba3b5d85cb985ab7372abf11af1954df15e4a",
        "type": "github"
      },
      "original": {
        "owner": "nix-community",
        "repo": "nixvim",
        "type": "github"
      }
    },
    "nvf": {
      "inputs": {
        "flake-compat": [],
        "flake-parts": [
          "dev-flake-parts"
        ],
        "mnw": "mnw",
        "nixpkgs": [
          "dev-nixpkgs"
        ],
        "systems": [
          "dev-systems"
        ]
      },
      "locked": {
        "lastModified": 1762622004,
        "narHash": "sha256-NpzzgaoMK8aRHnndHWbYNKLcZN0r1y6icCoJvGoBsoE=",
        "owner": "NotAShelf",
        "repo": "nvf",
        "rev": "09470524a214ed26633ddc2b6ec0c9bf31a8b909",
        "type": "github"
      },
      "original": {
        "owner": "NotAShelf",
        "repo": "nvf",
        "type": "github"
      }
    },
    "root": {
      "inputs": {
        "dev-flake-parts": "dev-flake-parts",
        "dev-nixpkgs": "dev-nixpkgs",
        "dev-systems": "dev-systems",
        "flake-compat": "flake-compat",
        "git-hooks": "git-hooks",
        "home-manager": "home-manager",
        "nixvim": "nixvim",
        "nvf": "nvf",
        "spicetify-nix": "spicetify-nix",
        "treefmt-nix": "treefmt-nix",
        "vicinae": "vicinae",
        "zen-browser": "zen-browser"
      }
    },
    "spicetify-nix": {
      "inputs": {
        "nixpkgs": [
          "dev-nixpkgs"
        ],
        "systems": [
          "dev-systems"
        ]
      },
      "locked": {
        "lastModified": 1764698597,
        "narHash": "sha256-4f0y9Fo3AChngd/qRQ7wbcy6FH33NFZbyFXn7IeUI14=",
        "owner": "Gerg-L",
        "repo": "spicetify-nix",
        "rev": "1da6ebbbcf0301ff773e9c43bdd4c051af9523f7",
        "type": "github"
      },
      "original": {
        "owner": "Gerg-L",
        "repo": "spicetify-nix",
        "type": "github"
      }
    },
    "treefmt-nix": {
      "inputs": {
        "nixpkgs": [
          "dev-nixpkgs"
        ]
      },
      "locked": {
        "lastModified": 1762938485,
        "narHash": "sha256-AlEObg0syDl+Spi4LsZIBrjw+snSVU4T8MOeuZJUJjM=",
        "owner": "numtide",
        "repo": "treefmt-nix",
        "rev": "5b4ee75aeefd1e2d5a1cc43cf6ba65eba75e83e4",
        "type": "github"
      },
      "original": {
        "owner": "numtide",
        "repo": "treefmt-nix",
        "type": "github"
      }
    },
    "vicinae": {
      "inputs": {
        "nixpkgs": [
          "dev-nixpkgs"
        ],
        "systems": [
          "dev-systems"
        ]
      },
      "locked": {
        "lastModified": 1764768018,
        "narHash": "sha256-wgQUCbnfUPBWvhMnFUcwABH4qmNE8cxjFc+40u4ReB4=",
        "owner": "vicinaehq",
        "repo": "vicinae",
        "rev": "c5648e0a0727dd99ff2e2e18c683474881987641",
        "type": "github"
      },
      "original": {
        "owner": "vicinaehq",
        "repo": "vicinae",
        "type": "github"
      }
    },
    "zen-browser": {
      "inputs": {
        "home-manager": [
          "home-manager"
        ],
        "nixpkgs": [
          "dev-nixpkgs"
        ]
      },
      "locked": {
        "lastModified": 1764736168,
        "narHash": "sha256-CQcj/oWKH4zN8Xkc1RglX+uOJTW1fwNWvMQWRXRlEys=",
        "owner": "0xc000022070",
        "repo": "zen-browser-flake",
        "rev": "df63ce4f706567e6efa083ba63d5e7792bf70ffa",
        "type": "github"
      },
      "original": {
        "owner": "0xc000022070",
        "repo": "zen-browser-flake",
        "type": "github"
      }
    }
  },
  "root": "root",
  "version": 7
}
